
Microsoft Visual Studio Solution File, Format Version 12.00
# Visual Studio 15
VisualStudioVersion = 15.0.28307.271
MinimumVisualStudioVersion = 10.0.40219.1
Project("{FAE04EC0-301F-11D3-BF4B-00C04F79EFBC}") = "MyPortfolio.Model", "MyPortfolio.Model\MyPortfolio.Model.csproj", "{B15FBAA7-080C-48BE-97C8-57D3BB286888}"
EndProject
Project("{FAE04EC0-301F-11D3-BF4B-00C04F79EFBC}") = "MyPortfolio.Data", "MyPortfolio.Data\MyPortfolio.Data.csproj", "{C0E73A0E-C827-40C6-9E04-4651F87E84BB}"
EndProject
Project("{FAE04EC0-301F-11D3-BF4B-00C04F79EFBC}") = "MyPortfolio.Service", "MyPortfolio.Service\MyPortfolio.Service.csproj", "{A98BBC0E-2795-45C2-8B71-9869FCEDF217}"
EndProject
Project("{FAE04EC0-301F-11D3-BF4B-00C04F79EFBC}") = "MyPortfolio.Admin", "MyPortfolio.Admin\MyPortfolio.Admin.csproj", "{EF0F41A3-208F-41E7-A7E2-C5A66E95BFCA}"
EndProject
Project("{FAE04EC0-301F-11D3-BF4B-00C04F79EFBC}") = "MyPortfolio.Web", "MyPortfolio.Web\MyPortfolio.Web.csproj", "{5E84282D-7FBF-4E7E-BFA2-B1C90D9E5080}"
EndProject
Global
	GlobalSection(SolutionConfigurationPlatforms) = preSolution
		Debug|Any CPU = Debug|Any CPU
		Release|Any CPU = Release|Any CPU
	EndGlobalSection
	GlobalSection(ProjectConfigurationPlatforms) = postSolution
		{B15FBAA7-080C-48BE-97C8-57D3BB286888}.Debug|Any CPU.ActiveCfg = Debug|Any CPU
		{B15FBAA7-080C-48BE-97C8-57D3BB286888}.Debug|Any CPU.Build.0 = Debug|Any CPU
		{B15FBAA7-080C-48BE-97C8-57D3BB286888}.Release|Any CPU.ActiveCfg = Release|Any CPU
		{B15FBAA7-080C-48BE-97C8-57D3BB286888}.Release|Any CPU.Build.0 = Release|Any CPU
		{C0E73A0E-C827-40C6-9E04-4651F87E84BB}.Debug|Any CPU.ActiveCfg = Debug|Any CPU
		{C0E73A0E-C827-40C6-9E04-4651F87E84BB}.Debug|Any CPU.Build.0 = Debug|Any CPU
		{C0E73A0E-C827-40C6-9E04-4651F87E84BB}.Release|Any CPU.ActiveCfg = Release|Any CPU
		{C0E73A0E-C827-40C6-9E04-4651F87E84BB}.Release|Any CPU.Build.0 = Release|Any CPU
		{A98BBC0E-2795-45C2-8B71-9869FCEDF217}.Debug|Any CPU.ActiveCfg = Debug|Any CPU
		{A98BBC0E-2795-45C2-8B71-9869FCEDF217}.Debug|Any CPU.Build.0 = Debug|Any CPU
		{A98BBC0E-2795-45C2-8B71-9869FCEDF217}.Release|Any CPU.ActiveCfg = Release|Any CPU
		{A98BBC0E-2795-45C2-8B71-9869FCEDF217}.Release|Any CPU.Build.0 = Release|Any CPU
		{EF0F41A3-208F-41E7-A7E2-C5A66E95BFCA}.Debug|Any CPU.ActiveCfg = Debug|Any CPU
		{EF0F41A3-208F-41E7-A7E2-C5A66E95BFCA}.Debug|Any CPU.Build.0 = Debug|Any CPU
		{EF0F41A3-208F-41E7-A7E2-C5A66E95BFCA}.Release|Any CPU.ActiveCfg = Release|Any CPU
		{EF0F41A3-208F-41E7-A7E2-C5A66E95BFCA}.Release|Any CPU.Build.0 = Release|Any CPU
		{5E84282D-7FBF-4E7E-BFA2-B1C90D9E5080}.Debug|Any CPU.ActiveCfg = Debug|Any CPU
		{5E84282D-7FBF-4E7E-BFA2-B1C90D9E5080}.Debug|Any CPU.Build.0 = Debug|Any CPU
		{5E84282D-7FBF-4E7E-BFA2-B1C90D9E5080}.Release|Any CPU.ActiveCfg = Release|Any CPU
		{5E84282D-7FBF-4E7E-BFA2-B1C90D9E5080}.Release|Any CPU.Build.0 = Release|Any CPU
	EndGlobalSection
	GlobalSection(SolutionProperties) = preSolution
		HideSolutionNode = FALSE
	EndGlobalSection
	GlobalSection(ExtensibilityGlobals) = postSolution
		SolutionGuid = {4240CADA-4644-4E9C-A8C6-220A2E6EE96A}
	EndGlobalSection
EndGlobal
